// !$*UTF8*$!
{
	archiveVersion = 1;
	classes = {
	};
	objectVersion = 52;
	objects = {

/* Begin PBXBuildFile section */
		950067A9256A2FC800DD5BF5 /* CustomInteractiveTransition.swift in Sources */ = {isa = PBXBuildFile; fileRef = 950067A8256A2FC800DD5BF5 /* CustomInteractiveTransition.swift */; };
		9508409E254BE255003CE190 /* User.swift in Sources */ = {isa = PBXBuildFile; fileRef = 9508409D254BE255003CE190 /* User.swift */; };
		950840A6254BE2B9003CE190 /* Group.swift in Sources */ = {isa = PBXBuildFile; fileRef = 950840A5254BE2B9003CE190 /* Group.swift */; };
		950840AB254BE77C003CE190 /* Photo.swift in Sources */ = {isa = PBXBuildFile; fileRef = 950840AA254BE77C003CE190 /* Photo.swift */; };
		950840B5254BEBE0003CE190 /* FriendsCell.swift in Sources */ = {isa = PBXBuildFile; fileRef = 950840B4254BEBE0003CE190 /* FriendsCell.swift */; };
		950840C0254BFC21003CE190 /* GroupsCell.swift in Sources */ = {isa = PBXBuildFile; fileRef = 950840BF254BFC21003CE190 /* GroupsCell.swift */; };
		950840C6254BFC6E003CE190 /* PhotoController.swift in Sources */ = {isa = PBXBuildFile; fileRef = 950840C5254BFC6E003CE190 /* PhotoController.swift */; };
		950840CB254BFC8A003CE190 /* PhotoCell.swift in Sources */ = {isa = PBXBuildFile; fileRef = 950840CA254BFC8A003CE190 /* PhotoCell.swift */; };
		951131CC25DAB85000CCEC96 /* WebKit.framework in Frameworks */ = {isa = PBXBuildFile; fileRef = 951131CB25DAB85000CCEC96 /* WebKit.framework */; };
		951131D425DC13CE00CCEC96 /* NetworkManager.swift in Sources */ = {isa = PBXBuildFile; fileRef = 951131D325DC13CE00CCEC96 /* NetworkManager.swift */; };
		951524F5262534CD008AEBE0 /* RealmBase.swift in Sources */ = {isa = PBXBuildFile; fileRef = 951524F4262534CD008AEBE0 /* RealmBase.swift */; };
		951524FF26291BBE008AEBE0 /* ExtensionsUICollectionView.swift in Sources */ = {isa = PBXBuildFile; fileRef = 951524FE26291BBE008AEBE0 /* ExtensionsUICollectionView.swift */; };
		951525072629334C008AEBE0 /* ExtensionsUITableView.swift in Sources */ = {isa = PBXBuildFile; fileRef = 951525062629334C008AEBE0 /* ExtensionsUITableView.swift */; };
		9515250C26295820008AEBE0 /* SymbolGroup.swift in Sources */ = {isa = PBXBuildFile; fileRef = 9515250B26295820008AEBE0 /* SymbolGroup.swift */; };
		95169D89256027600005987A /* NewsController.swift in Sources */ = {isa = PBXBuildFile; fileRef = 95169D88256027600005987A /* NewsController.swift */; };
		95169D92256029430005987A /* NewsCell.swift in Sources */ = {isa = PBXBuildFile; fileRef = 95169D90256029430005987A /* NewsCell.swift */; };
		95169D93256029430005987A /* NewsCell.xib in Resources */ = {isa = PBXBuildFile; fileRef = 95169D91256029430005987A /* NewsCell.xib */; };
		952D8CD7254C761600BA7780 /* MyGroupsController.swift in Sources */ = {isa = PBXBuildFile; fileRef = 952D8CD6254C761600BA7780 /* MyGroupsController.swift */; };
		952D8CDC254C762C00BA7780 /* MyGroupsCell.swift in Sources */ = {isa = PBXBuildFile; fileRef = 952D8CDB254C762C00BA7780 /* MyGroupsCell.swift */; };
		95312B8A2561704500F884F0 /* News.swift in Sources */ = {isa = PBXBuildFile; fileRef = 95312B892561704500F884F0 /* News.swift */; };
		95312B8F25617B4100F884F0 /* Comments.swift in Sources */ = {isa = PBXBuildFile; fileRef = 95312B8E25617B4100F884F0 /* Comments.swift */; };
		95312B9425617D5900F884F0 /* CommentsControl.swift in Sources */ = {isa = PBXBuildFile; fileRef = 95312B9325617D5900F884F0 /* CommentsControl.swift */; };
		95312B992561808D00F884F0 /* ShareControl.swift in Sources */ = {isa = PBXBuildFile; fileRef = 95312B982561808D00F884F0 /* ShareControl.swift */; };
		95312B9E256180C500F884F0 /* ViewingControl.swift in Sources */ = {isa = PBXBuildFile; fileRef = 95312B9D256180C500F884F0 /* ViewingControl.swift */; };
		95312BA3256180E800F884F0 /* Viewing.swift in Sources */ = {isa = PBXBuildFile; fileRef = 95312BA2256180E800F884F0 /* Viewing.swift */; };
		95312BA8256180F900F884F0 /* Share.swift in Sources */ = {isa = PBXBuildFile; fileRef = 95312BA7256180F900F884F0 /* Share.swift */; };
		95352373256568E100332547 /* OnePhotoController.swift in Sources */ = {isa = PBXBuildFile; fileRef = 95352372256568E100332547 /* OnePhotoController.swift */; };
		95616AEE256611F9007801D9 /* OnePhoto.swift in Sources */ = {isa = PBXBuildFile; fileRef = 95616AED256611F9007801D9 /* OnePhoto.swift */; };
		95616AF425663975007801D9 /* PhotoUser.swift in Sources */ = {isa = PBXBuildFile; fileRef = 95616AF325663975007801D9 /* PhotoUser.swift */; };
		9565019B255985B0008A9814 /* SymbolControl.swift in Sources */ = {isa = PBXBuildFile; fileRef = 9565019A255985B0008A9814 /* SymbolControl.swift */; };
		95840E18255C17C7008D3414 /* GroupSymbol.swift in Sources */ = {isa = PBXBuildFile; fileRef = 95840E17255C17C7008D3414 /* GroupSymbol.swift */; };
		95840E1D255C33B1008D3414 /* HeaderSection.swift in Sources */ = {isa = PBXBuildFile; fileRef = 95840E1C255C33B1008D3414 /* HeaderSection.swift */; };
		95840E22255C3460008D3414 /* HeaderSection.xib in Resources */ = {isa = PBXBuildFile; fileRef = 95840E21255C3460008D3414 /* HeaderSection.xib */; };
		959536A02569054300284745 /* CustomPushAnimator.swift in Sources */ = {isa = PBXBuildFile; fileRef = 9595369F2569054300284745 /* CustomPushAnimator.swift */; };
		959536A525690C9700284745 /* CustomNavigationViewController.swift in Sources */ = {isa = PBXBuildFile; fileRef = 959536A425690C9700284745 /* CustomNavigationViewController.swift */; };
		959536AB25695AB500284745 /* CustomPopAnimator.swift in Sources */ = {isa = PBXBuildFile; fileRef = 959536AA25695AB500284745 /* CustomPopAnimator.swift */; };
		959B93F42542A32E00F319EF /* AppDelegate.swift in Sources */ = {isa = PBXBuildFile; fileRef = 959B93F32542A32E00F319EF /* AppDelegate.swift */; };
		959B93F82542A32E00F319EF /* Authentication.swift in Sources */ = {isa = PBXBuildFile; fileRef = 959B93F72542A32E00F319EF /* Authentication.swift */; };
		959B93FB2542A32E00F319EF /* Main.storyboard in Resources */ = {isa = PBXBuildFile; fileRef = 959B93F92542A32E00F319EF /* Main.storyboard */; };
		959B93FD2542A32F00F319EF /* Assets.xcassets in Resources */ = {isa = PBXBuildFile; fileRef = 959B93FC2542A32F00F319EF /* Assets.xcassets */; };
		959B94002542A32F00F319EF /* LaunchScreen.storyboard in Resources */ = {isa = PBXBuildFile; fileRef = 959B93FE2542A32F00F319EF /* LaunchScreen.storyboard */; };
		959B942D2542D1F100F319EF /* FriendsController.swift in Sources */ = {isa = PBXBuildFile; fileRef = 959B942C2542D1F100F319EF /* FriendsController.swift */; };
		95A2E78D25D254BF0048F3BF /* Session.swift in Sources */ = {isa = PBXBuildFile; fileRef = 95A2E78C25D254BF0048F3BF /* Session.swift */; };
		95A61497261D6E03007BA2EF /* RealmSwift in Frameworks */ = {isa = PBXBuildFile; productRef = 95A61496261D6E03007BA2EF /* RealmSwift */; };
		95A61499261D6E03007BA2EF /* Realm in Frameworks */ = {isa = PBXBuildFile; productRef = 95A61498261D6E03007BA2EF /* Realm */; };
		95A6539325494DE20020197E /* GroupsController.swift in Sources */ = {isa = PBXBuildFile; fileRef = 95A6539225494DE20020197E /* GroupsController.swift */; };
		95CE78CC2611875700ADA5A0 /* Kingfisher in Frameworks */ = {isa = PBXBuildFile; productRef = 95CE78CB2611875700ADA5A0 /* Kingfisher */; };
		95CE78D326118A3900ADA5A0 /* Alamofire in Frameworks */ = {isa = PBXBuildFile; productRef = 95CE78D226118A3900ADA5A0 /* Alamofire */; };
		95D026CE256CE0D700E94F0F /* DelegateGroup.swift in Sources */ = {isa = PBXBuildFile; fileRef = 95D026CD256CE0D700E94F0F /* DelegateGroup.swift */; };
		95D322C62552DA4900C3670A /* CheckILike.swift in Sources */ = {isa = PBXBuildFile; fileRef = 95D322C52552DA4900C3670A /* CheckILike.swift */; };
		95D322CE2553008300C3670A /* CheckLikeControl.swift in Sources */ = {isa = PBXBuildFile; fileRef = 95D322CD2553008300C3670A /* CheckLikeControl.swift */; };
		95E4383825524E3800A5F681 /* FaceImageView.swift in Sources */ = {isa = PBXBuildFile; fileRef = 95E4383725524E3800A5F681 /* FaceImageView.swift */; };
		95E4383D2552584400A5F681 /* FaceImage.swift in Sources */ = {isa = PBXBuildFile; fileRef = 95E4383C2552584400A5F681 /* FaceImage.swift */; };
		95E54C1A2563970900419303 /* Indicator.swift in Sources */ = {isa = PBXBuildFile; fileRef = 95E54C192563970900419303 /* Indicator.swift */; };
		95E54C222563A80D00419303 /* IndicatorView.swift in Sources */ = {isa = PBXBuildFile; fileRef = 95E54C212563A80D00419303 /* IndicatorView.swift */; };
		95F55E002620075A00A7CD73 /* SwiftyJSON in Frameworks */ = {isa = PBXBuildFile; productRef = 95F55DFF2620075A00A7CD73 /* SwiftyJSON */; };
		95FB44A3261597BE00E7F676 /* Album.swift in Sources */ = {isa = PBXBuildFile; fileRef = 95FB44A2261597BE00E7F676 /* Album.swift */; };
		95FB44A82615A2C200E7F676 /* Likes.swift in Sources */ = {isa = PBXBuildFile; fileRef = 95FB44A72615A2C200E7F676 /* Likes.swift */; };
/* End PBXBuildFile section */

/* Begin PBXContainerItemProxy section */
		959B94072542A32F00F319EF /* PBXContainerItemProxy */ = {
			isa = PBXContainerItemProxy;
			containerPortal = 959B93E82542A32E00F319EF /* Project object */;
			proxyType = 1;
			remoteGlobalIDString = 959B93EF2542A32E00F319EF;
			remoteInfo = Lesson1;
		};
		959B94122542A32F00F319EF /* PBXContainerItemProxy */ = {
			isa = PBXContainerItemProxy;
			containerPortal = 959B93E82542A32E00F319EF /* Project object */;
			proxyType = 1;
			remoteGlobalIDString = 959B93EF2542A32E00F319EF;
			remoteInfo = Lesson1;
		};
/* End PBXContainerItemProxy section */

/* Begin PBXFileReference section */
		950067A8256A2FC800DD5BF5 /* CustomInteractiveTransition.swift */ = {isa = PBXFileReference; lastKnownFileType = sourcecode.swift; path = CustomInteractiveTransition.swift; sourceTree = "<group>"; };
		9508409D254BE255003CE190 /* User.swift */ = {isa = PBXFileReference; lastKnownFileType = sourcecode.swift; path = User.swift; sourceTree = "<group>"; };
		950840A5254BE2B9003CE190 /* Group.swift */ = {isa = PBXFileReference; lastKnownFileType = sourcecode.swift; path = Group.swift; sourceTree = "<group>"; };
		950840AA254BE77C003CE190 /* Photo.swift */ = {isa = PBXFileReference; lastKnownFileType = sourcecode.swift; path = Photo.swift; sourceTree = "<group>"; };
		950840B4254BEBE0003CE190 /* FriendsCell.swift */ = {isa = PBXFileReference; lastKnownFileType = sourcecode.swift; path = FriendsCell.swift; sourceTree = "<group>"; };
		950840BF254BFC21003CE190 /* GroupsCell.swift */ = {isa = PBXFileReference; lastKnownFileType = sourcecode.swift; path = GroupsCell.swift; sourceTree = "<group>"; };
		950840C5254BFC6E003CE190 /* PhotoController.swift */ = {isa = PBXFileReference; lastKnownFileType = sourcecode.swift; path = PhotoController.swift; sourceTree = "<group>"; };
		950840CA254BFC8A003CE190 /* PhotoCell.swift */ = {isa = PBXFileReference; lastKnownFileType = sourcecode.swift; path = PhotoCell.swift; sourceTree = "<group>"; };
		951131CB25DAB85000CCEC96 /* WebKit.framework */ = {isa = PBXFileReference; lastKnownFileType = wrapper.framework; name = WebKit.framework; path = System/Library/Frameworks/WebKit.framework; sourceTree = SDKROOT; };
		951131D325DC13CE00CCEC96 /* NetworkManager.swift */ = {isa = PBXFileReference; lastKnownFileType = sourcecode.swift; path = NetworkManager.swift; sourceTree = "<group>"; };
		951524F4262534CD008AEBE0 /* RealmBase.swift */ = {isa = PBXFileReference; lastKnownFileType = sourcecode.swift; path = RealmBase.swift; sourceTree = "<group>"; };
		951524FE26291BBE008AEBE0 /* ExtensionsUICollectionView.swift */ = {isa = PBXFileReference; lastKnownFileType = sourcecode.swift; path = ExtensionsUICollectionView.swift; sourceTree = "<group>"; };
		951525062629334C008AEBE0 /* ExtensionsUITableView.swift */ = {isa = PBXFileReference; lastKnownFileType = sourcecode.swift; path = ExtensionsUITableView.swift; sourceTree = "<group>"; };
		9515250B26295820008AEBE0 /* SymbolGroup.swift */ = {isa = PBXFileReference; lastKnownFileType = sourcecode.swift; path = SymbolGroup.swift; sourceTree = "<group>"; };
		95169D88256027600005987A /* NewsController.swift */ = {isa = PBXFileReference; lastKnownFileType = sourcecode.swift; path = NewsController.swift; sourceTree = "<group>"; };
		95169D90256029430005987A /* NewsCell.swift */ = {isa = PBXFileReference; lastKnownFileType = sourcecode.swift; path = NewsCell.swift; sourceTree = "<group>"; };
		95169D91256029430005987A /* NewsCell.xib */ = {isa = PBXFileReference; lastKnownFileType = file.xib; path = NewsCell.xib; sourceTree = "<group>"; };
		952D8CD6254C761600BA7780 /* MyGroupsController.swift */ = {isa = PBXFileReference; lastKnownFileType = sourcecode.swift; path = MyGroupsController.swift; sourceTree = "<group>"; };
		952D8CDB254C762C00BA7780 /* MyGroupsCell.swift */ = {isa = PBXFileReference; lastKnownFileType = sourcecode.swift; path = MyGroupsCell.swift; sourceTree = "<group>"; };
		95312B892561704500F884F0 /* News.swift */ = {isa = PBXFileReference; lastKnownFileType = sourcecode.swift; path = News.swift; sourceTree = "<group>"; };
		95312B8E25617B4100F884F0 /* Comments.swift */ = {isa = PBXFileReference; lastKnownFileType = sourcecode.swift; path = Comments.swift; sourceTree = "<group>"; };
		95312B9325617D5900F884F0 /* CommentsControl.swift */ = {isa = PBXFileReference; lastKnownFileType = sourcecode.swift; path = CommentsControl.swift; sourceTree = "<group>"; };
		95312B982561808D00F884F0 /* ShareControl.swift */ = {isa = PBXFileReference; lastKnownFileType = sourcecode.swift; path = ShareControl.swift; sourceTree = "<group>"; };
		95312B9D256180C500F884F0 /* ViewingControl.swift */ = {isa = PBXFileReference; lastKnownFileType = sourcecode.swift; path = ViewingControl.swift; sourceTree = "<group>"; };
		95312BA2256180E800F884F0 /* Viewing.swift */ = {isa = PBXFileReference; lastKnownFileType = sourcecode.swift; path = Viewing.swift; sourceTree = "<group>"; };
		95312BA7256180F900F884F0 /* Share.swift */ = {isa = PBXFileReference; lastKnownFileType = sourcecode.swift; path = Share.swift; sourceTree = "<group>"; };
		95352372256568E100332547 /* OnePhotoController.swift */ = {isa = PBXFileReference; lastKnownFileType = sourcecode.swift; path = OnePhotoController.swift; sourceTree = "<group>"; };
		95616AED256611F9007801D9 /* OnePhoto.swift */ = {isa = PBXFileReference; lastKnownFileType = sourcecode.swift; path = OnePhoto.swift; sourceTree = "<group>"; };
		95616AF325663975007801D9 /* PhotoUser.swift */ = {isa = PBXFileReference; lastKnownFileType = sourcecode.swift; path = PhotoUser.swift; sourceTree = "<group>"; };
		9565019A255985B0008A9814 /* SymbolControl.swift */ = {isa = PBXFileReference; lastKnownFileType = sourcecode.swift; path = SymbolControl.swift; sourceTree = "<group>"; };
		95840E17255C17C7008D3414 /* GroupSymbol.swift */ = {isa = PBXFileReference; lastKnownFileType = sourcecode.swift; path = GroupSymbol.swift; sourceTree = "<group>"; };
		95840E1C255C33B1008D3414 /* HeaderSection.swift */ = {isa = PBXFileReference; lastKnownFileType = sourcecode.swift; path = HeaderSection.swift; sourceTree = "<group>"; };
		95840E21255C3460008D3414 /* HeaderSection.xib */ = {isa = PBXFileReference; lastKnownFileType = file.xib; path = HeaderSection.xib; sourceTree = "<group>"; };
		9595369F2569054300284745 /* CustomPushAnimator.swift */ = {isa = PBXFileReference; lastKnownFileType = sourcecode.swift; path = CustomPushAnimator.swift; sourceTree = "<group>"; };
		959536A425690C9700284745 /* CustomNavigationViewController.swift */ = {isa = PBXFileReference; lastKnownFileType = sourcecode.swift; path = CustomNavigationViewController.swift; sourceTree = "<group>"; };
		959536AA25695AB500284745 /* CustomPopAnimator.swift */ = {isa = PBXFileReference; lastKnownFileType = sourcecode.swift; path = CustomPopAnimator.swift; sourceTree = "<group>"; };
		959B93F02542A32E00F319EF /* VK.app */ = {isa = PBXFileReference; explicitFileType = wrapper.application; includeInIndex = 0; path = VK.app; sourceTree = BUILT_PRODUCTS_DIR; };
		959B93F32542A32E00F319EF /* AppDelegate.swift */ = {isa = PBXFileReference; lastKnownFileType = sourcecode.swift; path = AppDelegate.swift; sourceTree = "<group>"; };
		959B93F72542A32E00F319EF /* Authentication.swift */ = {isa = PBXFileReference; lastKnownFileType = sourcecode.swift; path = Authentication.swift; sourceTree = "<group>"; };
		959B93FA2542A32E00F319EF /* Base */ = {isa = PBXFileReference; lastKnownFileType = file.storyboard; name = Base; path = Base.lproj/Main.storyboard; sourceTree = "<group>"; };
		959B93FC2542A32F00F319EF /* Assets.xcassets */ = {isa = PBXFileReference; lastKnownFileType = folder.assetcatalog; path = Assets.xcassets; sourceTree = "<group>"; };
		959B93FF2542A32F00F319EF /* Base */ = {isa = PBXFileReference; lastKnownFileType = file.storyboard; name = Base; path = Base.lproj/LaunchScreen.storyboard; sourceTree = "<group>"; };
		959B94012542A32F00F319EF /* Info.plist */ = {isa = PBXFileReference; lastKnownFileType = text.plist.xml; path = Info.plist; sourceTree = "<group>"; };
		959B94062542A32F00F319EF /* VKTests.xctest */ = {isa = PBXFileReference; explicitFileType = wrapper.cfbundle; includeInIndex = 0; path = VKTests.xctest; sourceTree = BUILT_PRODUCTS_DIR; };
		959B94112542A32F00F319EF /* VKUITests.xctest */ = {isa = PBXFileReference; explicitFileType = wrapper.cfbundle; includeInIndex = 0; path = VKUITests.xctest; sourceTree = BUILT_PRODUCTS_DIR; };
		959B942C2542D1F100F319EF /* FriendsController.swift */ = {isa = PBXFileReference; lastKnownFileType = sourcecode.swift; path = FriendsController.swift; sourceTree = "<group>"; };
		95A2E78C25D254BF0048F3BF /* Session.swift */ = {isa = PBXFileReference; lastKnownFileType = sourcecode.swift; path = Session.swift; sourceTree = "<group>"; };
		95A6539225494DE20020197E /* GroupsController.swift */ = {isa = PBXFileReference; lastKnownFileType = sourcecode.swift; path = GroupsController.swift; sourceTree = "<group>"; };
		95D026CD256CE0D700E94F0F /* DelegateGroup.swift */ = {isa = PBXFileReference; lastKnownFileType = sourcecode.swift; path = DelegateGroup.swift; sourceTree = "<group>"; };
		95D322C52552DA4900C3670A /* CheckILike.swift */ = {isa = PBXFileReference; lastKnownFileType = sourcecode.swift; path = CheckILike.swift; sourceTree = "<group>"; };
		95D322CD2553008300C3670A /* CheckLikeControl.swift */ = {isa = PBXFileReference; lastKnownFileType = sourcecode.swift; path = CheckLikeControl.swift; sourceTree = "<group>"; };
		95E4383725524E3800A5F681 /* FaceImageView.swift */ = {isa = PBXFileReference; lastKnownFileType = sourcecode.swift; path = FaceImageView.swift; sourceTree = "<group>"; };
		95E4383C2552584400A5F681 /* FaceImage.swift */ = {isa = PBXFileReference; lastKnownFileType = sourcecode.swift; path = FaceImage.swift; sourceTree = "<group>"; };
		95E54C192563970900419303 /* Indicator.swift */ = {isa = PBXFileReference; lastKnownFileType = sourcecode.swift; path = Indicator.swift; sourceTree = "<group>"; };
		95E54C212563A80D00419303 /* IndicatorView.swift */ = {isa = PBXFileReference; lastKnownFileType = sourcecode.swift; path = IndicatorView.swift; sourceTree = "<group>"; };
		95FB44A2261597BE00E7F676 /* Album.swift */ = {isa = PBXFileReference; lastKnownFileType = sourcecode.swift; path = Album.swift; sourceTree = "<group>"; };
		95FB44A72615A2C200E7F676 /* Likes.swift */ = {isa = PBXFileReference; lastKnownFileType = sourcecode.swift; path = Likes.swift; sourceTree = "<group>"; };
/* End PBXFileReference section */

/* Begin PBXFrameworksBuildPhase section */
		959B93ED2542A32E00F319EF /* Frameworks */ = {
			isa = PBXFrameworksBuildPhase;
			buildActionMask = 2147483647;
			files = (
				95F55E002620075A00A7CD73 /* SwiftyJSON in Frameworks */,
				95A61497261D6E03007BA2EF /* RealmSwift in Frameworks */,
				95CE78CC2611875700ADA5A0 /* Kingfisher in Frameworks */,
				95CE78D326118A3900ADA5A0 /* Alamofire in Frameworks */,
				951131CC25DAB85000CCEC96 /* WebKit.framework in Frameworks */,
				95A61499261D6E03007BA2EF /* Realm in Frameworks */,
			);
			runOnlyForDeploymentPostprocessing = 0;
		};
		959B94032542A32F00F319EF /* Frameworks */ = {
			isa = PBXFrameworksBuildPhase;
			buildActionMask = 2147483647;
			files = (
			);
			runOnlyForDeploymentPostprocessing = 0;
		};
		959B940E2542A32F00F319EF /* Frameworks */ = {
			isa = PBXFrameworksBuildPhase;
			buildActionMask = 2147483647;
			files = (
			);
			runOnlyForDeploymentPostprocessing = 0;
		};
/* End PBXFrameworksBuildPhase section */

/* Begin PBXGroup section */
		9508409C254BE239003CE190 /* Model */ = {
			isa = PBXGroup;
			children = (
				95A2E78C25D254BF0048F3BF /* Session.swift */,
				9508409D254BE255003CE190 /* User.swift */,
				950840A5254BE2B9003CE190 /* Group.swift */,
				950840AA254BE77C003CE190 /* Photo.swift */,
				95840E17255C17C7008D3414 /* GroupSymbol.swift */,
				95312B892561704500F884F0 /* News.swift */,
				95D026CD256CE0D700E94F0F /* DelegateGroup.swift */,
				95FB44A2261597BE00E7F676 /* Album.swift */,
				95FB44A72615A2C200E7F676 /* Likes.swift */,
				951524F4262534CD008AEBE0 /* RealmBase.swift */,
				9515250B26295820008AEBE0 /* SymbolGroup.swift */,
			);
			path = Model;
			sourceTree = "<group>";
		};
		950840AF254BEB61003CE190 /* Friends */ = {
			isa = PBXGroup;
			children = (
				959B942C2542D1F100F319EF /* FriendsController.swift */,
				950840B4254BEBE0003CE190 /* FriendsCell.swift */,
			);
			path = Friends;
			sourceTree = "<group>";
		};
		950840B0254BEB73003CE190 /* Groups */ = {
			isa = PBXGroup;
			children = (
				952D8CD5254C75EA00BA7780 /* MyGroups */,
				95A6539225494DE20020197E /* GroupsController.swift */,
				950840BF254BFC21003CE190 /* GroupsCell.swift */,
			);
			path = Groups;
			sourceTree = "<group>";
		};
		950840C4254BFC4E003CE190 /* Photo */ = {
			isa = PBXGroup;
			children = (
				950840C5254BFC6E003CE190 /* PhotoController.swift */,
				950840CA254BFC8A003CE190 /* PhotoCell.swift */,
				95352372256568E100332547 /* OnePhotoController.swift */,
				95616AED256611F9007801D9 /* OnePhoto.swift */,
				95616AF325663975007801D9 /* PhotoUser.swift */,
			);
			path = Photo;
			sourceTree = "<group>";
		};
		951524FD26291B86008AEBE0 /* Extensions */ = {
			isa = PBXGroup;
			children = (
				951524FE26291BBE008AEBE0 /* ExtensionsUICollectionView.swift */,
				951525062629334C008AEBE0 /* ExtensionsUITableView.swift */,
			);
			path = Extensions;
			sourceTree = "<group>";
		};
		95169D87256027240005987A /* News */ = {
			isa = PBXGroup;
			children = (
				95169D88256027600005987A /* NewsController.swift */,
				95169D90256029430005987A /* NewsCell.swift */,
				95169D91256029430005987A /* NewsCell.xib */,
			);
			path = News;
			sourceTree = "<group>";
		};
		952D8CD5254C75EA00BA7780 /* MyGroups */ = {
			isa = PBXGroup;
			children = (
				952D8CD6254C761600BA7780 /* MyGroupsController.swift */,
				952D8CDB254C762C00BA7780 /* MyGroupsCell.swift */,
			);
			path = MyGroups;
			sourceTree = "<group>";
		};
		959B93E72542A32E00F319EF = {
			isa = PBXGroup;
			children = (
				959B93F22542A32E00F319EF /* VK */,
				959B93F12542A32E00F319EF /* Products */,
				96EFA53483AF4499F9F69EE2 /* Frameworks */,
			);
			sourceTree = "<group>";
		};
		959B93F12542A32E00F319EF /* Products */ = {
			isa = PBXGroup;
			children = (
				959B93F02542A32E00F319EF /* VK.app */,
				959B94062542A32F00F319EF /* VKTests.xctest */,
				959B94112542A32F00F319EF /* VKUITests.xctest */,
			);
			name = Products;
			sourceTree = "<group>";
		};
		959B93F22542A32E00F319EF /* VK */ = {
			isa = PBXGroup;
			children = (
				951524FD26291B86008AEBE0 /* Extensions */,
				95CE78D726118A7800ADA5A0 /* Main */,
				95CE78D02611899200ADA5A0 /* UIComponents */,
				95169D87256027240005987A /* News */,
				950840C4254BFC4E003CE190 /* Photo */,
				950840B0254BEB73003CE190 /* Groups */,
				950840AF254BEB61003CE190 /* Friends */,
				9508409C254BE239003CE190 /* Model */,
				959B93F32542A32E00F319EF /* AppDelegate.swift */,
				959B93F92542A32E00F319EF /* Main.storyboard */,
				959B93FC2542A32F00F319EF /* Assets.xcassets */,
				959B93FE2542A32F00F319EF /* LaunchScreen.storyboard */,
				959B94012542A32F00F319EF /* Info.plist */,
				951131D325DC13CE00CCEC96 /* NetworkManager.swift */,
			);
			path = VK;
			sourceTree = "<group>";
		};
		95CE78D02611899200ADA5A0 /* UIComponents */ = {
			isa = PBXGroup;
			children = (
				95E4383725524E3800A5F681 /* FaceImageView.swift */,
				95E4383C2552584400A5F681 /* FaceImage.swift */,
				95D322C52552DA4900C3670A /* CheckILike.swift */,
				95D322CD2553008300C3670A /* CheckLikeControl.swift */,
				9565019A255985B0008A9814 /* SymbolControl.swift */,
				95840E1C255C33B1008D3414 /* HeaderSection.swift */,
				95840E21255C3460008D3414 /* HeaderSection.xib */,
				95312B8E25617B4100F884F0 /* Comments.swift */,
				95312B9325617D5900F884F0 /* CommentsControl.swift */,
				95312BA7256180F900F884F0 /* Share.swift */,
				95312B982561808D00F884F0 /* ShareControl.swift */,
				95312BA2256180E800F884F0 /* Viewing.swift */,
				95312B9D256180C500F884F0 /* ViewingControl.swift */,
				95E54C192563970900419303 /* Indicator.swift */,
				95E54C212563A80D00419303 /* IndicatorView.swift */,
				9595369F2569054300284745 /* CustomPushAnimator.swift */,
				959536A425690C9700284745 /* CustomNavigationViewController.swift */,
				959536AA25695AB500284745 /* CustomPopAnimator.swift */,
				950067A8256A2FC800DD5BF5 /* CustomInteractiveTransition.swift */,
			);
			path = UIComponents;
			sourceTree = "<group>";
		};
		95CE78D726118A7800ADA5A0 /* Main */ = {
			isa = PBXGroup;
			children = (
				959B93F72542A32E00F319EF /* Authentication.swift */,
			);
			path = Main;
			sourceTree = "<group>";
		};
		96EFA53483AF4499F9F69EE2 /* Frameworks */ = {
			isa = PBXGroup;
			children = (
				951131CB25DAB85000CCEC96 /* WebKit.framework */,
			);
			name = Frameworks;
			sourceTree = "<group>";
		};
/* End PBXGroup section */

/* Begin PBXNativeTarget section */
		959B93EF2542A32E00F319EF /* VK */ = {
			isa = PBXNativeTarget;
			buildConfigurationList = 959B941A2542A32F00F319EF /* Build configuration list for PBXNativeTarget "VK" */;
			buildPhases = (
				959B93EC2542A32E00F319EF /* Sources */,
				959B93ED2542A32E00F319EF /* Frameworks */,
				959B93EE2542A32E00F319EF /* Resources */,
			);
			buildRules = (
			);
			dependencies = (
			);
			name = VK;
			packageProductDependencies = (
				95CE78CB2611875700ADA5A0 /* Kingfisher */,
				95CE78D226118A3900ADA5A0 /* Alamofire */,
				95A61496261D6E03007BA2EF /* RealmSwift */,
				95A61498261D6E03007BA2EF /* Realm */,
				95F55DFF2620075A00A7CD73 /* SwiftyJSON */,
			);
			productName = Lesson1;
			productReference = 959B93F02542A32E00F319EF /* VK.app */;
			productType = "com.apple.product-type.application";
		};
		959B94052542A32F00F319EF /* VKTests */ = {
			isa = PBXNativeTarget;
			buildConfigurationList = 959B941D2542A32F00F319EF /* Build configuration list for PBXNativeTarget "VKTests" */;
			buildPhases = (
				959B94022542A32F00F319EF /* Sources */,
				959B94032542A32F00F319EF /* Frameworks */,
				959B94042542A32F00F319EF /* Resources */,
			);
			buildRules = (
			);
			dependencies = (
				959B94082542A32F00F319EF /* PBXTargetDependency */,
			);
			name = VKTests;
			productName = Lesson1Tests;
			productReference = 959B94062542A32F00F319EF /* VKTests.xctest */;
			productType = "com.apple.product-type.bundle.unit-test";
		};
		959B94102542A32F00F319EF /* VKUITests */ = {
			isa = PBXNativeTarget;
			buildConfigurationList = 959B94202542A32F00F319EF /* Build configuration list for PBXNativeTarget "VKUITests" */;
			buildPhases = (
				959B940D2542A32F00F319EF /* Sources */,
				959B940E2542A32F00F319EF /* Frameworks */,
				959B940F2542A32F00F319EF /* Resources */,
			);
			buildRules = (
			);
			dependencies = (
				959B94132542A32F00F319EF /* PBXTargetDependency */,
			);
			name = VKUITests;
			productName = Lesson1UITests;
			productReference = 959B94112542A32F00F319EF /* VKUITests.xctest */;
			productType = "com.apple.product-type.bundle.ui-testing";
		};
/* End PBXNativeTarget section */

/* Begin PBXProject section */
		959B93E82542A32E00F319EF /* Project object */ = {
			isa = PBXProject;
			attributes = {
				LastSwiftUpdateCheck = 1200;
				LastUpgradeCheck = 1200;
				TargetAttributes = {
					959B93EF2542A32E00F319EF = {
						CreatedOnToolsVersion = 12.0.1;
					};
					959B94052542A32F00F319EF = {
						CreatedOnToolsVersion = 12.0.1;
						TestTargetID = 959B93EF2542A32E00F319EF;
					};
					959B94102542A32F00F319EF = {
						CreatedOnToolsVersion = 12.0.1;
						TestTargetID = 959B93EF2542A32E00F319EF;
					};
				};
			};
			buildConfigurationList = 959B93EB2542A32E00F319EF /* Build configuration list for PBXProject "VK" */;
			compatibilityVersion = "Xcode 9.3";
			developmentRegion = en;
			hasScannedForEncodings = 0;
			knownRegions = (
				en,
				Base,
			);
			mainGroup = 959B93E72542A32E00F319EF;
			packageReferences = (
				95CE78CA2611875700ADA5A0 /* XCRemoteSwiftPackageReference "Kingfisher" */,
				95CE78D126118A3900ADA5A0 /* XCRemoteSwiftPackageReference "Alamofire" */,
				95A61495261D6E03007BA2EF /* XCRemoteSwiftPackageReference "realm-cocoa" */,
				95F55DFE2620075A00A7CD73 /* XCRemoteSwiftPackageReference "SwiftyJSON" */,
			);
			productRefGroup = 959B93F12542A32E00F319EF /* Products */;
			projectDirPath = "";
			projectRoot = "";
			targets = (
				959B93EF2542A32E00F319EF /* VK */,
				959B94052542A32F00F319EF /* VKTests */,
				959B94102542A32F00F319EF /* VKUITests */,
			);
		};
/* End PBXProject section */

/* Begin PBXResourcesBuildPhase section */
		959B93EE2542A32E00F319EF /* Resources */ = {
			isa = PBXResourcesBuildPhase;
			buildActionMask = 2147483647;
			files = (
				95840E22255C3460008D3414 /* HeaderSection.xib in Resources */,
				959B94002542A32F00F319EF /* LaunchScreen.storyboard in Resources */,
				95169D93256029430005987A /* NewsCell.xib in Resources */,
				959B93FD2542A32F00F319EF /* Assets.xcassets in Resources */,
				959B93FB2542A32E00F319EF /* Main.storyboard in Resources */,
			);
			runOnlyForDeploymentPostprocessing = 0;
		};
		959B94042542A32F00F319EF /* Resources */ = {
			isa = PBXResourcesBuildPhase;
			buildActionMask = 2147483647;
			files = (
			);
			runOnlyForDeploymentPostprocessing = 0;
		};
		959B940F2542A32F00F319EF /* Resources */ = {
			isa = PBXResourcesBuildPhase;
			buildActionMask = 2147483647;
			files = (
			);
			runOnlyForDeploymentPostprocessing = 0;
		};
/* End PBXResourcesBuildPhase section */

/* Begin PBXSourcesBuildPhase section */
		959B93EC2542A32E00F319EF /* Sources */ = {
			isa = PBXSourcesBuildPhase;
			buildActionMask = 2147483647;
			files = (
				95312B9E256180C500F884F0 /* ViewingControl.swift in Sources */,
				95616AF425663975007801D9 /* PhotoUser.swift in Sources */,
				95312BA3256180E800F884F0 /* Viewing.swift in Sources */,
				95840E1D255C33B1008D3414 /* HeaderSection.swift in Sources */,
				95312B8A2561704500F884F0 /* News.swift in Sources */,
				95FB44A3261597BE00E7F676 /* Album.swift in Sources */,
				950840C6254BFC6E003CE190 /* PhotoController.swift in Sources */,
				959536AB25695AB500284745 /* CustomPopAnimator.swift in Sources */,
				95D026CE256CE0D700E94F0F /* DelegateGroup.swift in Sources */,
				9565019B255985B0008A9814 /* SymbolControl.swift in Sources */,
				95169D89256027600005987A /* NewsController.swift in Sources */,
				95E54C222563A80D00419303 /* IndicatorView.swift in Sources */,
				952D8CD7254C761600BA7780 /* MyGroupsController.swift in Sources */,
				95E4383825524E3800A5F681 /* FaceImageView.swift in Sources */,
				9515250C26295820008AEBE0 /* SymbolGroup.swift in Sources */,
				952D8CDC254C762C00BA7780 /* MyGroupsCell.swift in Sources */,
				951525072629334C008AEBE0 /* ExtensionsUITableView.swift in Sources */,
				95312BA8256180F900F884F0 /* Share.swift in Sources */,
				951524FF26291BBE008AEBE0 /* ExtensionsUICollectionView.swift in Sources */,
				95D322CE2553008300C3670A /* CheckLikeControl.swift in Sources */,
				950840AB254BE77C003CE190 /* Photo.swift in Sources */,
				95E54C1A2563970900419303 /* Indicator.swift in Sources */,
				951131D425DC13CE00CCEC96 /* NetworkManager.swift in Sources */,
				95616AEE256611F9007801D9 /* OnePhoto.swift in Sources */,
				959B93F82542A32E00F319EF /* Authentication.swift in Sources */,
				95A2E78D25D254BF0048F3BF /* Session.swift in Sources */,
				95352373256568E100332547 /* OnePhotoController.swift in Sources */,
				95169D92256029430005987A /* NewsCell.swift in Sources */,
				959B942D2542D1F100F319EF /* FriendsController.swift in Sources */,
				950067A9256A2FC800DD5BF5 /* CustomInteractiveTransition.swift in Sources */,
				95D322C62552DA4900C3670A /* CheckILike.swift in Sources */,
				950840C0254BFC21003CE190 /* GroupsCell.swift in Sources */,
				959B93F42542A32E00F319EF /* AppDelegate.swift in Sources */,
				950840A6254BE2B9003CE190 /* Group.swift in Sources */,
				959536A525690C9700284745 /* CustomNavigationViewController.swift in Sources */,
				9508409E254BE255003CE190 /* User.swift in Sources */,
				95FB44A82615A2C200E7F676 /* Likes.swift in Sources */,
				951524F5262534CD008AEBE0 /* RealmBase.swift in Sources */,
				95E4383D2552584400A5F681 /* FaceImage.swift in Sources */,
				95840E18255C17C7008D3414 /* GroupSymbol.swift in Sources */,
				95312B9425617D5900F884F0 /* CommentsControl.swift in Sources */,
				95A6539325494DE20020197E /* GroupsController.swift in Sources */,
				950840CB254BFC8A003CE190 /* PhotoCell.swift in Sources */,
				950840B5254BEBE0003CE190 /* FriendsCell.swift in Sources */,
				95312B8F25617B4100F884F0 /* Comments.swift in Sources */,
				959536A02569054300284745 /* CustomPushAnimator.swift in Sources */,
				95312B992561808D00F884F0 /* ShareControl.swift in Sources */,
			);
			runOnlyForDeploymentPostprocessing = 0;
		};
		959B94022542A32F00F319EF /* Sources */ = {
			isa = PBXSourcesBuildPhase;
			buildActionMask = 2147483647;
			files = (
			);
			runOnlyForDeploymentPostprocessing = 0;
		};
		959B940D2542A32F00F319EF /* Sources */ = {
			isa = PBXSourcesBuildPhase;
			buildActionMask = 2147483647;
			files = (
			);
			runOnlyForDeploymentPostprocessing = 0;
		};
/* End PBXSourcesBuildPhase section */

/* Begin PBXTargetDependency section */
		959B94082542A32F00F319EF /* PBXTargetDependency */ = {
			isa = PBXTargetDependency;
			target = 959B93EF2542A32E00F319EF /* VK */;
			targetProxy = 959B94072542A32F00F319EF /* PBXContainerItemProxy */;
		};
		959B94132542A32F00F319EF /* PBXTargetDependency */ = {
			isa = PBXTargetDependency;
			target = 959B93EF2542A32E00F319EF /* VK */;
			targetProxy = 959B94122542A32F00F319EF /* PBXContainerItemProxy */;
		};
/* End PBXTargetDependency section */

/* Begin PBXVariantGroup section */
		959B93F92542A32E00F319EF /* Main.storyboard */ = {
			isa = PBXVariantGroup;
			children = (
				959B93FA2542A32E00F319EF /* Base */,
			);
			name = Main.storyboard;
			sourceTree = "<group>";
		};
		959B93FE2542A32F00F319EF /* LaunchScreen.storyboard */ = {
			isa = PBXVariantGroup;
			children = (
				959B93FF2542A32F00F319EF /* Base */,
			);
			name = LaunchScreen.storyboard;
			sourceTree = "<group>";
		};
/* End PBXVariantGroup section */

/* Begin XCBuildConfiguration section */
		959B94182542A32F00F319EF /* Debug */ = {
			isa = XCBuildConfiguration;
			buildSettings = {
				ALWAYS_SEARCH_USER_PATHS = NO;
				CLANG_ANALYZER_NONNULL = YES;
				CLANG_ANALYZER_NUMBER_OBJECT_CONVERSION = YES_AGGRESSIVE;
				CLANG_CXX_LANGUAGE_STANDARD = "gnu++14";
				CLANG_CXX_LIBRARY = "libc++";
				CLANG_ENABLE_MODULES = YES;
				CLANG_ENABLE_OBJC_ARC = YES;
				CLANG_ENABLE_OBJC_WEAK = YES;
				CLANG_WARN_BLOCK_CAPTURE_AUTORELEASING = YES;
				CLANG_WARN_BOOL_CONVERSION = YES;
				CLANG_WARN_COMMA = YES;
				CLANG_WARN_CONSTANT_CONVERSION = YES;
				CLANG_WARN_DEPRECATED_OBJC_IMPLEMENTATIONS = YES;
				CLANG_WARN_DIRECT_OBJC_ISA_USAGE = YES_ERROR;
				CLANG_WARN_DOCUMENTATION_COMMENTS = YES;
				CLANG_WARN_EMPTY_BODY = YES;
				CLANG_WARN_ENUM_CONVERSION = YES;
				CLANG_WARN_INFINITE_RECURSION = YES;
				CLANG_WARN_INT_CONVERSION = YES;
				CLANG_WARN_NON_LITERAL_NULL_CONVERSION = YES;
				CLANG_WARN_OBJC_IMPLICIT_RETAIN_SELF = YES;
				CLANG_WARN_OBJC_LITERAL_CONVERSION = YES;
				CLANG_WARN_OBJC_ROOT_CLASS = YES_ERROR;
				CLANG_WARN_QUOTED_INCLUDE_IN_FRAMEWORK_HEADER = YES;
				CLANG_WARN_RANGE_LOOP_ANALYSIS = YES;
				CLANG_WARN_STRICT_PROTOTYPES = YES;
				CLANG_WARN_SUSPICIOUS_MOVE = YES;
				CLANG_WARN_UNGUARDED_AVAILABILITY = YES_AGGRESSIVE;
				CLANG_WARN_UNREACHABLE_CODE = YES;
				CLANG_WARN__DUPLICATE_METHOD_MATCH = YES;
				COPY_PHASE_STRIP = NO;
				DEBUG_INFORMATION_FORMAT = dwarf;
				ENABLE_STRICT_OBJC_MSGSEND = YES;
				ENABLE_TESTABILITY = YES;
				GCC_C_LANGUAGE_STANDARD = gnu11;
				GCC_DYNAMIC_NO_PIC = NO;
				GCC_NO_COMMON_BLOCKS = YES;
				GCC_OPTIMIZATION_LEVEL = 0;
				GCC_PREPROCESSOR_DEFINITIONS = (
					"DEBUG=1",
					"$(inherited)",
				);
				GCC_WARN_64_TO_32_BIT_CONVERSION = YES;
				GCC_WARN_ABOUT_RETURN_TYPE = YES_ERROR;
				GCC_WARN_UNDECLARED_SELECTOR = YES;
				GCC_WARN_UNINITIALIZED_AUTOS = YES_AGGRESSIVE;
				GCC_WARN_UNUSED_FUNCTION = YES;
				GCC_WARN_UNUSED_VARIABLE = YES;
				IPHONEOS_DEPLOYMENT_TARGET = 13.1;
				MTL_ENABLE_DEBUG_INFO = INCLUDE_SOURCE;
				MTL_FAST_MATH = YES;
				ONLY_ACTIVE_ARCH = YES;
				SDKROOT = iphoneos;
				SWIFT_ACTIVE_COMPILATION_CONDITIONS = DEBUG;
				SWIFT_OPTIMIZATION_LEVEL = "-Onone";
			};
			name = Debug;
		};
		959B94192542A32F00F319EF /* Release */ = {
			isa = XCBuildConfiguration;
			buildSettings = {
				ALWAYS_SEARCH_USER_PATHS = NO;
				CLANG_ANALYZER_NONNULL = YES;
				CLANG_ANALYZER_NUMBER_OBJECT_CONVERSION = YES_AGGRESSIVE;
				CLANG_CXX_LANGUAGE_STANDARD = "gnu++14";
				CLANG_CXX_LIBRARY = "libc++";
				CLANG_ENABLE_MODULES = YES;
				CLANG_ENABLE_OBJC_ARC = YES;
				CLANG_ENABLE_OBJC_WEAK = YES;
				CLANG_WARN_BLOCK_CAPTURE_AUTORELEASING = YES;
				CLANG_WARN_BOOL_CONVERSION = YES;
				CLANG_WARN_COMMA = YES;
				CLANG_WARN_CONSTANT_CONVERSION = YES;
				CLANG_WARN_DEPRECATED_OBJC_IMPLEMENTATIONS = YES;
				CLANG_WARN_DIRECT_OBJC_ISA_USAGE = YES_ERROR;
				CLANG_WARN_DOCUMENTATION_COMMENTS = YES;
				CLANG_WARN_EMPTY_BODY = YES;
				CLANG_WARN_ENUM_CONVERSION = YES;
				CLANG_WARN_INFINITE_RECURSION = YES;
				CLANG_WARN_INT_CONVERSION = YES;
				CLANG_WARN_NON_LITERAL_NULL_CONVERSION = YES;
				CLANG_WARN_OBJC_IMPLICIT_RETAIN_SELF = YES;
				CLANG_WARN_OBJC_LITERAL_CONVERSION = YES;
				CLANG_WARN_OBJC_ROOT_CLASS = YES_ERROR;
				CLANG_WARN_QUOTED_INCLUDE_IN_FRAMEWORK_HEADER = YES;
				CLANG_WARN_RANGE_LOOP_ANALYSIS = YES;
				CLANG_WARN_STRICT_PROTOTYPES = YES;
				CLANG_WARN_SUSPICIOUS_MOVE = YES;
				CLANG_WARN_UNGUARDED_AVAILABILITY = YES_AGGRESSIVE;
				CLANG_WARN_UNREACHABLE_CODE = YES;
				CLANG_WARN__DUPLICATE_METHOD_MATCH = YES;
				COPY_PHASE_STRIP = NO;
				DEBUG_INFORMATION_FORMAT = "dwarf-with-dsym";
				ENABLE_NS_ASSERTIONS = NO;
				ENABLE_STRICT_OBJC_MSGSEND = YES;
				GCC_C_LANGUAGE_STANDARD = gnu11;
				GCC_NO_COMMON_BLOCKS = YES;
				GCC_WARN_64_TO_32_BIT_CONVERSION = YES;
				GCC_WARN_ABOUT_RETURN_TYPE = YES_ERROR;
				GCC_WARN_UNDECLARED_SELECTOR = YES;
				GCC_WARN_UNINITIALIZED_AUTOS = YES_AGGRESSIVE;
				GCC_WARN_UNUSED_FUNCTION = YES;
				GCC_WARN_UNUSED_VARIABLE = YES;
				IPHONEOS_DEPLOYMENT_TARGET = 13.1;
				MTL_ENABLE_DEBUG_INFO = NO;
				MTL_FAST_MATH = YES;
				SDKROOT = iphoneos;
				SWIFT_COMPILATION_MODE = wholemodule;
				SWIFT_OPTIMIZATION_LEVEL = "-O";
				VALIDATE_PRODUCT = YES;
			};
			name = Release;
		};
		959B941B2542A32F00F319EF /* Debug */ = {
			isa = XCBuildConfiguration;
			buildSettings = {
				ASSETCATALOG_COMPILER_APPICON_NAME = AppIcon;
				ASSETCATALOG_COMPILER_GLOBAL_ACCENT_COLOR_NAME = AccentColor;
				CODE_SIGN_STYLE = Automatic;
				INFOPLIST_FILE = "$(SRCROOT)/VK/Info.plist";
				LD_RUNPATH_SEARCH_PATHS = (
					"$(inherited)",
					"@executable_path/Frameworks",
				);
				PRODUCT_BUNDLE_IDENTIFIER = "Anna-Shishmareva.VK";
				PRODUCT_NAME = "$(TARGET_NAME)";
				SWIFT_VERSION = 5.0;
				TARGETED_DEVICE_FAMILY = "1,2";
			};
			name = Debug;
		};
		959B941C2542A32F00F319EF /* Release */ = {
			isa = XCBuildConfiguration;
			buildSettings = {
				ASSETCATALOG_COMPILER_APPICON_NAME = AppIcon;
				ASSETCATALOG_COMPILER_GLOBAL_ACCENT_COLOR_NAME = AccentColor;
				CODE_SIGN_STYLE = Automatic;
				INFOPLIST_FILE = "$(SRCROOT)/VK/Info.plist";
				LD_RUNPATH_SEARCH_PATHS = (
					"$(inherited)",
					"@executable_path/Frameworks",
				);
				PRODUCT_BUNDLE_IDENTIFIER = "Anna-Shishmareva.VK";
				PRODUCT_NAME = "$(TARGET_NAME)";
				SWIFT_VERSION = 5.0;
				TARGETED_DEVICE_FAMILY = "1,2";
			};
			name = Release;
		};
		959B941E2542A32F00F319EF /* Debug */ = {
			isa = XCBuildConfiguration;
			buildSettings = {
				ALWAYS_EMBED_SWIFT_STANDARD_LIBRARIES = YES;
				BUNDLE_LOADER = "$(TEST_HOST)";
				CODE_SIGN_STYLE = Automatic;
				INFOPLIST_FILE = Lesson1Tests/Info.plist;
				IPHONEOS_DEPLOYMENT_TARGET = 14.0;
				LD_RUNPATH_SEARCH_PATHS = (
					"$(inherited)",
					"@executable_path/Frameworks",
					"@loader_path/Frameworks",
				);
				PRODUCT_BUNDLE_IDENTIFIER = "Anna-Shishmareva.Lesson1Tests";
				PRODUCT_NAME = "$(TARGET_NAME)";
				SWIFT_VERSION = 5.0;
				TARGETED_DEVICE_FAMILY = "1,2";
				TEST_HOST = "$(BUILT_PRODUCTS_DIR)/VK.app/VK";
			};
			name = Debug;
		};
		959B941F2542A32F00F319EF /* Release */ = {
			isa = XCBuildConfiguration;
			buildSettings = {
				ALWAYS_EMBED_SWIFT_STANDARD_LIBRARIES = YES;
				BUNDLE_LOADER = "$(TEST_HOST)";
				CODE_SIGN_STYLE = Automatic;
				INFOPLIST_FILE = Lesson1Tests/Info.plist;
				IPHONEOS_DEPLOYMENT_TARGET = 14.0;
				LD_RUNPATH_SEARCH_PATHS = (
					"$(inherited)",
					"@executable_path/Frameworks",
					"@loader_path/Frameworks",
				);
				PRODUCT_BUNDLE_IDENTIFIER = "Anna-Shishmareva.Lesson1Tests";
				PRODUCT_NAME = "$(TARGET_NAME)";
				SWIFT_VERSION = 5.0;
				TARGETED_DEVICE_FAMILY = "1,2";
				TEST_HOST = "$(BUILT_PRODUCTS_DIR)/VK.app/VK";
			};
			name = Release;
		};
		959B94212542A32F00F319EF /* Debug */ = {
			isa = XCBuildConfiguration;
			buildSettings = {
				ALWAYS_EMBED_SWIFT_STANDARD_LIBRARIES = YES;
				CODE_SIGN_STYLE = Automatic;
				INFOPLIST_FILE = Lesson1UITests/Info.plist;
				LD_RUNPATH_SEARCH_PATHS = (
					"$(inherited)",
					"@executable_path/Frameworks",
					"@loader_path/Frameworks",
				);
				PRODUCT_BUNDLE_IDENTIFIER = "Anna-Shishmareva.Lesson1UITests";
				PRODUCT_NAME = "$(TARGET_NAME)";
				SWIFT_VERSION = 5.0;
				TARGETED_DEVICE_FAMILY = "1,2";
				TEST_TARGET_NAME = Lesson1;
			};
			name = Debug;
		};
		959B94222542A32F00F319EF /* Release */ = {
			isa = XCBuildConfiguration;
			buildSettings = {
				ALWAYS_EMBED_SWIFT_STANDARD_LIBRARIES = YES;
				CODE_SIGN_STYLE = Automatic;
				INFOPLIST_FILE = Lesson1UITests/Info.plist;
				LD_RUNPATH_SEARCH_PATHS = (
					"$(inherited)",
					"@executable_path/Frameworks",
					"@loader_path/Frameworks",
				);
				PRODUCT_BUNDLE_IDENTIFIER = "Anna-Shishmareva.Lesson1UITests";
				PRODUCT_NAME = "$(TARGET_NAME)";
				SWIFT_VERSION = 5.0;
				TARGETED_DEVICE_FAMILY = "1,2";
				TEST_TARGET_NAME = Lesson1;
			};
			name = Release;
		};
/* End XCBuildConfiguration section */

/* Begin XCConfigurationList section */
		959B93EB2542A32E00F319EF /* Build configuration list for PBXProject "VK" */ = {
			isa = XCConfigurationList;
			buildConfigurations = (
				959B94182542A32F00F319EF /* Debug */,
				959B94192542A32F00F319EF /* Release */,
			);
			defaultConfigurationIsVisible = 0;
			defaultConfigurationName = Release;
		};
		959B941A2542A32F00F319EF /* Build configuration list for PBXNativeTarget "VK" */ = {
			isa = XCConfigurationList;
			buildConfigurations = (
				959B941B2542A32F00F319EF /* Debug */,
				959B941C2542A32F00F319EF /* Release */,
			);
			defaultConfigurationIsVisible = 0;
			defaultConfigurationName = Release;
		};
		959B941D2542A32F00F319EF /* Build configuration list for PBXNativeTarget "VKTests" */ = {
			isa = XCConfigurationList;
			buildConfigurations = (
				959B941E2542A32F00F319EF /* Debug */,
				959B941F2542A32F00F319EF /* Release */,
			);
			defaultConfigurationIsVisible = 0;
			defaultConfigurationName = Release;
		};
		959B94202542A32F00F319EF /* Build configuration list for PBXNativeTarget "VKUITests" */ = {
			isa = XCConfigurationList;
			buildConfigurations = (
				959B94212542A32F00F319EF /* Debug */,
				959B94222542A32F00F319EF /* Release */,
			);
			defaultConfigurationIsVisible = 0;
			defaultConfigurationName = Release;
		};
/* End XCConfigurationList section */

/* Begin XCRemoteSwiftPackageReference section */
		95A61495261D6E03007BA2EF /* XCRemoteSwiftPackageReference "realm-cocoa" */ = {
			isa = XCRemoteSwiftPackageReference;
			repositoryURL = "https://github.com/realm/realm-cocoa.git";
			requirement = {
				kind = upToNextMajorVersion;
				minimumVersion = 10.7.3;
			};
		};
		95CE78CA2611875700ADA5A0 /* XCRemoteSwiftPackageReference "Kingfisher" */ = {
			isa = XCRemoteSwiftPackageReference;
			repositoryURL = "https://github.com/onevcat/Kingfisher.git";
			requirement = {
				kind = upToNextMajorVersion;
				minimumVersion = 6.2.1;
			};
		};
		95CE78D126118A3900ADA5A0 /* XCRemoteSwiftPackageReference "Alamofire" */ = {
			isa = XCRemoteSwiftPackageReference;
			repositoryURL = "https://github.com/Alamofire/Alamofire.git";
			requirement = {
				kind = upToNextMajorVersion;
				minimumVersion = 5.4.1;
			};
		};
		95F55DFE2620075A00A7CD73 /* XCRemoteSwiftPackageReference "SwiftyJSON" */ = {
			isa = XCRemoteSwiftPackageReference;
			repositoryURL = "https://github.com/SwiftyJSON/SwiftyJSON.git";
			requirement = {
				kind = upToNextMajorVersion;
				minimumVersion = 5.0.1;
			};
		};
/* End XCRemoteSwiftPackageReference section */

/* Begin XCSwiftPackageProductDependency section */
		95A61496261D6E03007BA2EF /* RealmSwift */ = {
			isa = XCSwiftPackageProductDependency;
			package = 95A61495261D6E03007BA2EF /* XCRemoteSwiftPackageReference "realm-cocoa" */;
			productName = RealmSwift;
		};
		95A61498261D6E03007BA2EF /* Realm */ = {
			isa = XCSwiftPackageProductDependency;
			package = 95A61495261D6E03007BA2EF /* XCRemoteSwiftPackageReference "realm-cocoa" */;
			productName = Realm;
		};
		95CE78CB2611875700ADA5A0 /* Kingfisher */ = {
			isa = XCSwiftPackageProductDependency;
			package = 95CE78CA2611875700ADA5A0 /* XCRemoteSwiftPackageReference "Kingfisher" */;
			productName = Kingfisher;
		};
		95CE78D226118A3900ADA5A0 /* Alamofire */ = {
			isa = XCSwiftPackageProductDependency;
			package = 95CE78D126118A3900ADA5A0 /* XCRemoteSwiftPackageReference "Alamofire" */;
			productName = Alamofire;
		};
		95F55DFF2620075A00A7CD73 /* SwiftyJSON */ = {
			isa = XCSwiftPackageProductDependency;
			package = 95F55DFE2620075A00A7CD73 /* XCRemoteSwiftPackageReference "SwiftyJSON" */;
			productName = SwiftyJSON;
		};
/* End XCSwiftPackageProductDependency section */
	};
	rootObject = 959B93E82542A32E00F319EF /* Project object */;
}
